
Microsoft Visual Studio Solution File, Format Version 12.00
# Visual Studio Version 16
VisualStudioVersion = 16.0.30611.23
MinimumVisualStudioVersion = 10.0.40219.1
Project("{FAE04EC0-301F-11D3-BF4B-00C04F79EFBC}") = "PermissionMatrix", "PermissionMatrix\PermissionMatrix.csproj", "{AAC65116-1F79-4AA4-8F39-3444635684CB}"
EndProject
Global
	GlobalSection(SolutionConfigurationPlatforms) = preSolution
		Debug|Any CPU = Debug|Any CPU
		Release|Any CPU = Release|Any CPU
	EndGlobalSection
	GlobalSection(ProjectConfigurationPlatforms) = postSolution
		{AAC65116-1F79-4AA4-8F39-3444635684CB}.Debug|Any CPU.ActiveCfg = Debug|Any CPU
		{AAC65116-1F79-4AA4-8F39-3444635684CB}.Debug|Any CPU.Build.0 = Debug|Any CPU
		{AAC65116-1F79-4AA4-8F39-3444635684CB}.Release|Any CPU.ActiveCfg = Release|Any CPU
		{AAC65116-1F79-4AA4-8F39-3444635684CB}.Release|Any CPU.Build.0 = Release|Any CPU
	EndGlobalSection
	GlobalSection(SolutionProperties) = preSolution
		HideSolutionNode = FALSE
	EndGlobalSection
	GlobalSection(ExtensibilityGlobals) = postSolution
		SolutionGuid = {E83D120C-C480-4CFC-B7AB-FB47B53BB4B0}
	EndGlobalSection
EndGlobal
